
Microsoft Visual Studio Solution File, Format Version 12.00
# Visual Studio 15
VisualStudioVersion = 15.0.26730.16
MinimumVisualStudioVersion = 10.0.40219.1
Project("{FAE04EC0-301F-11D3-BF4B-00C04F79EFBC}") = "WebApplication2", "WebApplication2\WebApplication2.csproj", "{C53D5662-E33D-424B-A5EF-5228580C6980}"
EndProject
Global
	GlobalSection(SolutionConfigurationPlatforms) = preSolution
		Debug|Any CPU = Debug|Any CPU
		Release|Any CPU = Release|Any CPU
	EndGlobalSection
	GlobalSection(ProjectConfigurationPlatforms) = postSolution
		{C53D5662-E33D-424B-A5EF-5228580C6980}.Debug|Any CPU.ActiveCfg = Debug|Any CPU
		{C53D5662-E33D-424B-A5EF-5228580C6980}.Debug|Any CPU.Build.0 = Debug|Any CPU
		{C53D5662-E33D-424B-A5EF-5228580C6980}.Release|Any CPU.ActiveCfg = Release|Any CPU
		{C53D5662-E33D-424B-A5EF-5228580C6980}.Release|Any CPU.Build.0 = Release|Any CPU
	EndGlobalSection
	GlobalSection(SolutionProperties) = preSolution
		HideSolutionNode = FALSE
	EndGlobalSection
	GlobalSection(ExtensibilityGlobals) = postSolution
		SolutionGuid = {F05B41E9-FFAF-4345-B3B2-5D485899FA97}
	EndGlobalSection
EndGlobal
